
Microsoft Visual Studio Solution File, Format Version 12.00
# Visual Studio Version 16
VisualStudioVersion = 16.0.28407.52
MinimumVisualStudioVersion = 10.0.40219.1
Project("{FAE04EC0-301F-11D3-BF4B-00C04F79EFBC}") = "AppointmentsUI.Android", "AppointmentsUI\AppointmentsUI.Android\AppointmentsUI.Android.csproj", "{45FAA533-B6BB-4133-9BE8-DBC17BFBB6CF}"
EndProject
Project("{FAE04EC0-301F-11D3-BF4B-00C04F79EFBC}") = "AppointmentsUI.iOS", "AppointmentsUI\AppointmentsUI.iOS\AppointmentsUI.iOS.csproj", "{FBEEAF12-4F77-42B1-9CC3-91DFB6E27AB0}"
EndProject
Project("{FAE04EC0-301F-11D3-BF4B-00C04F79EFBC}") = "AppointmentsUI", "AppointmentsUI\AppointmentsUI\AppointmentsUI.csproj", "{3D11EC86-BAE4-4659-9760-4055448F42C4}"
EndProject
Global
	GlobalSection(SolutionConfigurationPlatforms) = preSolution
		Ad-Hoc|Any CPU = Ad-Hoc|Any CPU
		Ad-Hoc|iPhone = Ad-Hoc|iPhone
		Ad-Hoc|iPhoneSimulator = Ad-Hoc|iPhoneSimulator
		AppStore|Any CPU = AppStore|Any CPU
		AppStore|iPhone = AppStore|iPhone
		AppStore|iPhoneSimulator = AppStore|iPhoneSimulator
		Debug|Any CPU = Debug|Any CPU
		Debug|iPhone = Debug|iPhone
		Debug|iPhoneSimulator = Debug|iPhoneSimulator
		Release|Any CPU = Release|Any CPU
		Release|iPhone = Release|iPhone
		Release|iPhoneSimulator = Release|iPhoneSimulator
	EndGlobalSection
	GlobalSection(ProjectConfigurationPlatforms) = postSolution
		{45FAA533-B6BB-4133-9BE8-DBC17BFBB6CF}.Ad-Hoc|Any CPU.ActiveCfg = Release|Any CPU
		{45FAA533-B6BB-4133-9BE8-DBC17BFBB6CF}.Ad-Hoc|Any CPU.Build.0 = Release|Any CPU
		{45FAA533-B6BB-4133-9BE8-DBC17BFBB6CF}.Ad-Hoc|Any CPU.Deploy.0 = Release|Any CPU
		{45FAA533-B6BB-4133-9BE8-DBC17BFBB6CF}.Ad-Hoc|iPhone.ActiveCfg = Release|Any CPU
		{45FAA533-B6BB-4133-9BE8-DBC17BFBB6CF}.Ad-Hoc|iPhone.Build.0 = Release|Any CPU
		{45FAA533-B6BB-4133-9BE8-DBC17BFBB6CF}.Ad-Hoc|iPhone.Deploy.0 = Release|Any CPU
		{45FAA533-B6BB-4133-9BE8-DBC17BFBB6CF}.Ad-Hoc|iPhoneSimulator.ActiveCfg = Release|Any CPU
		{45FAA533-B6BB-4133-9BE8-DBC17BFBB6CF}.Ad-Hoc|iPhoneSimulator.Build.0 = Release|Any CPU
		{45FAA533-B6BB-4133-9BE8-DBC17BFBB6CF}.Ad-Hoc|iPhoneSimulator.Deploy.0 = Release|Any CPU
		{45FAA533-B6BB-4133-9BE8-DBC17BFBB6CF}.AppStore|Any CPU.ActiveCfg = Release|Any CPU
		{45FAA533-B6BB-4133-9BE8-DBC17BFBB6CF}.AppStore|Any CPU.Build.0 = Release|Any CPU
		{45FAA533-B6BB-4133-9BE8-DBC17BFBB6CF}.AppStore|Any CPU.Deploy.0 = Release|Any CPU
		{45FAA533-B6BB-4133-9BE8-DBC17BFBB6CF}.AppStore|iPhone.ActiveCfg = Release|Any CPU
		{45FAA533-B6BB-4133-9BE8-DBC17BFBB6CF}.AppStore|iPhone.Build.0 = Release|Any CPU
		{45FAA533-B6BB-4133-9BE8-DBC17BFBB6CF}.AppStore|iPhone.Deploy.0 = Release|Any CPU
		{45FAA533-B6BB-4133-9BE8-DBC17BFBB6CF}.AppStore|iPhoneSimulator.ActiveCfg = Release|Any CPU
		{45FAA533-B6BB-4133-9BE8-DBC17BFBB6CF}.AppStore|iPhoneSimulator.Build.0 = Release|Any CPU
		{45FAA533-B6BB-4133-9BE8-DBC17BFBB6CF}.AppStore|iPhoneSimulator.Deploy.0 = Release|Any CPU
		{45FAA533-B6BB-4133-9BE8-DBC17BFBB6CF}.Debug|Any CPU.ActiveCfg = Debug|Any CPU
		{45FAA533-B6BB-4133-9BE8-DBC17BFBB6CF}.Debug|Any CPU.Build.0 = Debug|Any CPU
		{45FAA533-B6BB-4133-9BE8-DBC17BFBB6CF}.Debug|Any CPU.Deploy.0 = Debug|Any CPU
		{45FAA533-B6BB-4133-9BE8-DBC17BFBB6CF}.Debug|iPhone.ActiveCfg = Debug|Any CPU
		{45FAA533-B6BB-4133-9BE8-DBC17BFBB6CF}.Debug|iPhone.Build.0 = Debug|Any CPU
		{45FAA533-B6BB-4133-9BE8-DBC17BFBB6CF}.Debug|iPhone.Deploy.0 = Debug|Any CPU
		{45FAA533-B6BB-4133-9BE8-DBC17BFBB6CF}.Debug|iPhoneSimulator.ActiveCfg = Debug|Any CPU
		{45FAA533-B6BB-4133-9BE8-DBC17BFBB6CF}.Debug|iPhoneSimulator.Build.0 = Debug|Any CPU
		{45FAA533-B6BB-4133-9BE8-DBC17BFBB6CF}.Debug|iPhoneSimulator.Deploy.0 = Debug|Any CPU
		{45FAA533-B6BB-4133-9BE8-DBC17BFBB6CF}.Release|Any CPU.ActiveCfg = Release|Any CPU
		{45FAA533-B6BB-4133-9BE8-DBC17BFBB6CF}.Release|Any CPU.Build.0 = Release|Any CPU
		{45FAA533-B6BB-4133-9BE8-DBC17BFBB6CF}.Release|Any CPU.Deploy.0 = Release|Any CPU
		{45FAA533-B6BB-4133-9BE8-DBC17BFBB6CF}.Release|iPhone.ActiveCfg = Release|Any CPU
		{45FAA533-B6BB-4133-9BE8-DBC17BFBB6CF}.Release|iPhone.Build.0 = Release|Any CPU
		{45FAA533-B6BB-4133-9BE8-DBC17BFBB6CF}.Release|iPhone.Deploy.0 = Release|Any CPU
		{45FAA533-B6BB-4133-9BE8-DBC17BFBB6CF}.Release|iPhoneSimulator.ActiveCfg = Release|Any CPU
		{45FAA533-B6BB-4133-9BE8-DBC17BFBB6CF}.Release|iPhoneSimulator.Build.0 = Release|Any CPU
		{45FAA533-B6BB-4133-9BE8-DBC17BFBB6CF}.Release|iPhoneSimulator.Deploy.0 = Release|Any CPU
		{FBEEAF12-4F77-42B1-9CC3-91DFB6E27AB0}.Ad-Hoc|Any CPU.ActiveCfg = Ad-Hoc|iPhone
		{FBEEAF12-4F77-42B1-9CC3-91DFB6E27AB0}.Ad-Hoc|Any CPU.Build.0 = Ad-Hoc|iPhone
		{FBEEAF12-4F77-42B1-9CC3-91DFB6E27AB0}.Ad-Hoc|Any CPU.Deploy.0 = Ad-Hoc|iPhone
		{FBEEAF12-4F77-42B1-9CC3-91DFB6E27AB0}.Ad-Hoc|iPhone.ActiveCfg = Ad-Hoc|iPhone
		{FBEEAF12-4F77-42B1-9CC3-91DFB6E27AB0}.Ad-Hoc|iPhone.Build.0 = Ad-Hoc|iPhone
		{FBEEAF12-4F77-42B1-9CC3-91DFB6E27AB0}.Ad-Hoc|iPhone.Deploy.0 = Ad-Hoc|iPhone
		{FBEEAF12-4F77-42B1-9CC3-91DFB6E27AB0}.Ad-Hoc|iPhoneSimulator.ActiveCfg = Ad-Hoc|iPhoneSimulator
		{FBEEAF12-4F77-42B1-9CC3-91DFB6E27AB0}.Ad-Hoc|iPhoneSimulator.Build.0 = Ad-Hoc|iPhoneSimulator
		{FBEEAF12-4F77-42B1-9CC3-91DFB6E27AB0}.Ad-Hoc|iPhoneSimulator.Deploy.0 = Ad-Hoc|iPhoneSimulator
		{FBEEAF12-4F77-42B1-9CC3-91DFB6E27AB0}.AppStore|Any CPU.ActiveCfg = AppStore|iPhone
		{FBEEAF12-4F77-42B1-9CC3-91DFB6E27AB0}.AppStore|Any CPU.Build.0 = AppStore|iPhone
		{FBEEAF12-4F77-42B1-9CC3-91DFB6E27AB0}.AppStore|Any CPU.Deploy.0 = AppStore|iPhone
		{FBEEAF12-4F77-42B1-9CC3-91DFB6E27AB0}.AppStore|iPhone.ActiveCfg = AppStore|iPhone
		{FBEEAF12-4F77-42B1-9CC3-91DFB6E27AB0}.AppStore|iPhone.Build.0 = AppStore|iPhone
		{FBEEAF12-4F77-42B1-9CC3-91DFB6E27AB0}.AppStore|iPhone.Deploy.0 = AppStore|iPhone
		{FBEEAF12-4F77-42B1-9CC3-91DFB6E27AB0}.AppStore|iPhoneSimulator.ActiveCfg = AppStore|iPhoneSimulator
		{FBEEAF12-4F77-42B1-9CC3-91DFB6E27AB0}.AppStore|iPhoneSimulator.Build.0 = AppStore|iPhoneSimulator
		{FBEEAF12-4F77-42B1-9CC3-91DFB6E27AB0}.AppStore|iPhoneSimulator.Deploy.0 = AppStore|iPhoneSimulator
		{FBEEAF12-4F77-42B1-9CC3-91DFB6E27AB0}.Debug|Any CPU.ActiveCfg = Debug|iPhoneSimulator
		{FBEEAF12-4F77-42B1-9CC3-91DFB6E27AB0}.Debug|Any CPU.Build.0 = Debug|iPhoneSimulator
		{FBEEAF12-4F77-42B1-9CC3-91DFB6E27AB0}.Debug|Any CPU.Deploy.0 = Debug|iPhoneSimulator
		{FBEEAF12-4F77-42B1-9CC3-91DFB6E27AB0}.Debug|iPhone.ActiveCfg = Debug|iPhone
		{FBEEAF12-4F77-42B1-9CC3-91DFB6E27AB0}.Debug|iPhone.Build.0 = Debug|iPhone
		{FBEEAF12-4F77-42B1-9CC3-91DFB6E27AB0}.Debug|iPhone.Deploy.0 = Debug|iPhone
		{FBEEAF12-4F77-42B1-9CC3-91DFB6E27AB0}.Debug|iPhoneSimulator.ActiveCfg = Debug|iPhoneSimulator
		{FBEEAF12-4F77-42B1-9CC3-91DFB6E27AB0}.Debug|iPhoneSimulator.Build.0 = Debug|iPhoneSimulator
		{FBEEAF12-4F77-42B1-9CC3-91DFB6E27AB0}.Debug|iPhoneSimulator.Deploy.0 = Debug|iPhoneSimulator
		{FBEEAF12-4F77-42B1-9CC3-91DFB6E27AB0}.Release|Any CPU.ActiveCfg = Release|iPhone
		{FBEEAF12-4F77-42B1-9CC3-91DFB6E27AB0}.Release|Any CPU.Build.0 = Release|iPhone
		{FBEEAF12-4F77-42B1-9CC3-91DFB6E27AB0}.Release|Any CPU.Deploy.0 = Release|iPhone
		{FBEEAF12-4F77-42B1-9CC3-91DFB6E27AB0}.Release|iPhone.ActiveCfg = Release|iPhone
		{FBEEAF12-4F77-42B1-9CC3-91DFB6E27AB0}.Release|iPhone.Build.0 = Release|iPhone
		{FBEEAF12-4F77-42B1-9CC3-91DFB6E27AB0}.Release|iPhone.Deploy.0 = Release|iPhone
		{FBEEAF12-4F77-42B1-9CC3-91DFB6E27AB0}.Release|iPhoneSimulator.ActiveCfg = Release|iPhoneSimulator
		{FBEEAF12-4F77-42B1-9CC3-91DFB6E27AB0}.Release|iPhoneSimulator.Build.0 = Release|iPhoneSimulator
		{FBEEAF12-4F77-42B1-9CC3-91DFB6E27AB0}.Release|iPhoneSimulator.Deploy.0 = Release|iPhoneSimulator
		{3D11EC86-BAE4-4659-9760-4055448F42C4}.Ad-Hoc|Any CPU.ActiveCfg = Debug|Any CPU
		{3D11EC86-BAE4-4659-9760-4055448F42C4}.Ad-Hoc|Any CPU.Build.0 = Debug|Any CPU
		{3D11EC86-BAE4-4659-9760-4055448F42C4}.Ad-Hoc|Any CPU.Deploy.0 = Debug|Any CPU
		{3D11EC86-BAE4-4659-9760-4055448F42C4}.Ad-Hoc|iPhone.ActiveCfg = Debug|Any CPU
		{3D11EC86-BAE4-4659-9760-4055448F42C4}.Ad-Hoc|iPhone.Build.0 = Debug|Any CPU
		{3D11EC86-BAE4-4659-9760-4055448F42C4}.Ad-Hoc|iPhone.Deploy.0 = Debug|Any CPU
		{3D11EC86-BAE4-4659-9760-4055448F42C4}.Ad-Hoc|iPhoneSimulator.ActiveCfg = Debug|Any CPU
		{3D11EC86-BAE4-4659-9760-4055448F42C4}.Ad-Hoc|iPhoneSimulator.Build.0 = Debug|Any CPU
		{3D11EC86-BAE4-4659-9760-4055448F42C4}.Ad-Hoc|iPhoneSimulator.Deploy.0 = Debug|Any CPU
		{3D11EC86-BAE4-4659-9760-4055448F42C4}.AppStore|Any CPU.ActiveCfg = Debug|Any CPU
		{3D11EC86-BAE4-4659-9760-4055448F42C4}.AppStore|Any CPU.Build.0 = Debug|Any CPU
		{3D11EC86-BAE4-4659-9760-4055448F42C4}.AppStore|Any CPU.Deploy.0 = Debug|Any CPU
		{3D11EC86-BAE4-4659-9760-4055448F42C4}.AppStore|iPhone.ActiveCfg = Debug|Any CPU
		{3D11EC86-BAE4-4659-9760-4055448F42C4}.AppStore|iPhone.Build.0 = Debug|Any CPU
		{3D11EC86-BAE4-4659-9760-4055448F42C4}.AppStore|iPhone.Deploy.0 = Debug|Any CPU
		{3D11EC86-BAE4-4659-9760-4055448F42C4}.AppStore|iPhoneSimulator.ActiveCfg = Debug|Any CPU
		{3D11EC86-BAE4-4659-9760-4055448F42C4}.AppStore|iPhoneSimulator.Build.0 = Debug|Any CPU
		{3D11EC86-BAE4-4659-9760-4055448F42C4}.AppStore|iPhoneSimulator.Deploy.0 = Debug|Any CPU
		{3D11EC86-BAE4-4659-9760-4055448F42C4}.Debug|Any CPU.ActiveCfg = Debug|Any CPU
		{3D11EC86-BAE4-4659-9760-4055448F42C4}.Debug|Any CPU.Build.0 = Debug|Any CPU
		{3D11EC86-BAE4-4659-9760-4055448F42C4}.Debug|Any CPU.Deploy.0 = Debug|Any CPU
		{3D11EC86-BAE4-4659-9760-4055448F42C4}.Debug|iPhone.ActiveCfg = Debug|Any CPU
		{3D11EC86-BAE4-4659-9760-4055448F42C4}.Debug|iPhone.Build.0 = Debug|Any CPU
		{3D11EC86-BAE4-4659-9760-4055448F42C4}.Debug|iPhone.Deploy.0 = Debug|Any CPU
		{3D11EC86-BAE4-4659-9760-4055448F42C4}.Debug|iPhoneSimulator.ActiveCfg = Debug|Any CPU
		{3D11EC86-BAE4-4659-9760-4055448F42C4}.Debug|iPhoneSimulator.Build.0 = Debug|Any CPU
		{3D11EC86-BAE4-4659-9760-4055448F42C4}.Debug|iPhoneSimulator.Deploy.0 = Debug|Any CPU
		{3D11EC86-BAE4-4659-9760-4055448F42C4}.Release|Any CPU.ActiveCfg = Release|Any CPU
		{3D11EC86-BAE4-4659-9760-4055448F42C4}.Release|Any CPU.Build.0 = Release|Any CPU
		{3D11EC86-BAE4-4659-9760-4055448F42C4}.Release|Any CPU.Deploy.0 = Release|Any CPU
		{3D11EC86-BAE4-4659-9760-4055448F42C4}.Release|iPhone.ActiveCfg = Release|Any CPU
		{3D11EC86-BAE4-4659-9760-4055448F42C4}.Release|iPhone.Build.0 = Release|Any CPU
		{3D11EC86-BAE4-4659-9760-4055448F42C4}.Release|iPhone.Deploy.0 = Release|Any CPU
		{3D11EC86-BAE4-4659-9760-4055448F42C4}.Release|iPhoneSimulator.ActiveCfg = Release|Any CPU
		{3D11EC86-BAE4-4659-9760-4055448F42C4}.Release|iPhoneSimulator.Build.0 = Release|Any CPU
		{3D11EC86-BAE4-4659-9760-4055448F42C4}.Release|iPhoneSimulator.Deploy.0 = Release|Any CPU
	EndGlobalSection
	GlobalSection(SolutionProperties) = preSolution
		HideSolutionNode = FALSE
	EndGlobalSection
	GlobalSection(ExtensibilityGlobals) = postSolution
		SolutionGuid = {1C96CB8C-AA70-4FCC-B180-546582B6DFFE}
	EndGlobalSection
EndGlobal
